// !$*UTF8*$!
{
	archiveVersion = 1;
	classes = {};
	objectVersion = 56;
	objects = {

/* Begin PBXBuildFile section */
		A10000000000000000000001 /* UnpinDesktopApp.swift in Sources */ = {isa = PBXBuildFile; fileRef = A20000000000000000000001 /* UnpinDesktopApp.swift */; };
		A10000000000000000000002 /* BridgeClient.swift in Sources */ = {isa = PBXBuildFile; fileRef = A20000000000000000000002 /* BridgeClient.swift */; };
		A10000000000000000000003 /* WorkspaceStore.swift in Sources */ = {isa = PBXBuildFile; fileRef = A20000000000000000000003 /* WorkspaceStore.swift */; };
		A10000000000000000000004 /* DiscoverOrganizeView.swift in Sources */ = {isa = PBXBuildFile; fileRef = A20000000000000000000004 /* DiscoverOrganizeView.swift */; };
		A10000000000000000000005 /* GroupEditorView.swift in Sources */ = {isa = PBXBuildFile; fileRef = A20000000000000000000005 /* GroupEditorView.swift */; };
		A10000000000000000000006 /* SafeChangeView.swift in Sources */ = {isa = PBXBuildFile; fileRef = A20000000000000000000006 /* SafeChangeView.swift */; };
		A10000000000000000000007 /* PlanReviewView.swift in Sources */ = {isa = PBXBuildFile; fileRef = A20000000000000000000007 /* PlanReviewView.swift */; };
		A10000000000000000000008 /* RecoverAuditView.swift in Sources */ = {isa = PBXBuildFile; fileRef = A20000000000000000000008 /* RecoverAuditView.swift */; };
		A10000000000000000000009 /* GovernAutomateView.swift in Sources */ = {isa = PBXBuildFile; fileRef = A20000000000000000000009 /* GovernAutomateView.swift */; };
		A1000000000000000000000A /* RestoreReviewView.swift in Sources */ = {isa = PBXBuildFile; fileRef = A2000000000000000000000C /* RestoreReviewView.swift */; };
		A1000000000000000000000B /* WorkbenchGuidanceView.swift in Sources */ = {isa = PBXBuildFile; fileRef = A2000000000000000000000D /* WorkbenchGuidanceView.swift */; };
		A1000000000000000000000C /* DesktopUpdateController.swift in Sources */ = {isa = PBXBuildFile; fileRef = A2000000000000000000000E /* DesktopUpdateController.swift */; };
		B10000000000000000000001 /* BridgeClientTests.swift in Sources */ = {isa = PBXBuildFile; fileRef = B20000000000000000000001 /* BridgeClientTests.swift */; };
		B10000000000000000000002 /* WorkspaceStoreTests.swift in Sources */ = {isa = PBXBuildFile; fileRef = B20000000000000000000003 /* WorkspaceStoreTests.swift */; };
		B10000000000000000000003 /* WorkbenchFlowTests.swift in Sources */ = {isa = PBXBuildFile; fileRef = B20000000000000000000004 /* WorkbenchFlowTests.swift */; };
		B10000000000000000000004 /* FixtureResources.swift in Sources */ = {isa = PBXBuildFile; fileRef = B20000000000000000000005 /* FixtureResources.swift */; };
		B10000000000000000000005 /* fixtures in Resources */ = {isa = PBXBuildFile; fileRef = B20000000000000000000006 /* fixtures */; };
		B10000000000000000000006 /* WorkbenchGuidanceMatrixTests.swift in Sources */ = {isa = PBXBuildFile; fileRef = B20000000000000000000007 /* WorkbenchGuidanceMatrixTests.swift */; };
		B10000000000000000000007 /* DesktopUpdateControllerTests.swift in Sources */ = {isa = PBXBuildFile; fileRef = B20000000000000000000008 /* DesktopUpdateControllerTests.swift */; };
		B10000000000000000000008 /* ProviderMatrixDashboardSnapshotTests.swift in Sources */ = {isa = PBXBuildFile; fileRef = B20000000000000000000009 /* ProviderMatrixDashboardSnapshotTests.swift */; };
/* End PBXBuildFile section */

/* Begin PBXContainerItemProxy section */
		BA0000000000000000000001 /* PBXContainerItemProxy */ = {isa = PBXContainerItemProxy; containerPortal = A70000000000000000000001 /* Project object */; proxyType = 1; remoteGlobalIDString = A40000000000000000000001; remoteInfo = UnpinDesktop; };
/* End PBXContainerItemProxy section */

/* Begin PBXFileReference section */
		A20000000000000000000001 /* UnpinDesktopApp.swift */ = {isa = PBXFileReference; lastKnownFileType = sourcecode.swift; path = UnpinDesktopApp.swift; sourceTree = "<group>"; };
		A20000000000000000000002 /* BridgeClient.swift */ = {isa = PBXFileReference; lastKnownFileType = sourcecode.swift; path = BridgeClient.swift; sourceTree = "<group>"; };
		A20000000000000000000003 /* WorkspaceStore.swift */ = {isa = PBXFileReference; lastKnownFileType = sourcecode.swift; path = WorkspaceStore.swift; sourceTree = "<group>"; };
		A20000000000000000000004 /* DiscoverOrganizeView.swift */ = {isa = PBXFileReference; lastKnownFileType = sourcecode.swift; path = DiscoverOrganizeView.swift; sourceTree = "<group>"; };
		A20000000000000000000005 /* GroupEditorView.swift */ = {isa = PBXFileReference; lastKnownFileType = sourcecode.swift; path = GroupEditorView.swift; sourceTree = "<group>"; };
		A20000000000000000000006 /* SafeChangeView.swift */ = {isa = PBXFileReference; lastKnownFileType = sourcecode.swift; path = SafeChangeView.swift; sourceTree = "<group>"; };
		A20000000000000000000007 /* PlanReviewView.swift */ = {isa = PBXFileReference; lastKnownFileType = sourcecode.swift; path = PlanReviewView.swift; sourceTree = "<group>"; };
		A20000000000000000000008 /* RecoverAuditView.swift */ = {isa = PBXFileReference; lastKnownFileType = sourcecode.swift; path = RecoverAuditView.swift; sourceTree = "<group>"; };
		A20000000000000000000009 /* GovernAutomateView.swift */ = {isa = PBXFileReference; lastKnownFileType = sourcecode.swift; path = GovernAutomateView.swift; sourceTree = "<group>"; };
		A2000000000000000000000A /* Info.plist */ = {isa = PBXFileReference; lastKnownFileType = text.plist.xml; path = Info.plist; sourceTree = "<group>"; };
		A2000000000000000000000B /* UnpinDesktop.app */ = {isa = PBXFileReference; explicitFileType = wrapper.application; includeInIndex = 0; path = UnpinDesktop.app; sourceTree = BUILT_PRODUCTS_DIR; };
		A2000000000000000000000C /* RestoreReviewView.swift */ = {isa = PBXFileReference; lastKnownFileType = sourcecode.swift; path = RestoreReviewView.swift; sourceTree = "<group>"; };
		A2000000000000000000000D /* WorkbenchGuidanceView.swift */ = {isa = PBXFileReference; lastKnownFileType = sourcecode.swift; path = WorkbenchGuidanceView.swift; sourceTree = "<group>"; };
		A2000000000000000000000E /* DesktopUpdateController.swift */ = {isa = PBXFileReference; lastKnownFileType = sourcecode.swift; path = DesktopUpdateController.swift; sourceTree = "<group>"; };
		B20000000000000000000001 /* BridgeClientTests.swift */ = {isa = PBXFileReference; lastKnownFileType = sourcecode.swift; path = BridgeClientTests.swift; sourceTree = "<group>"; };
		B20000000000000000000002 /* UnpinDesktopTests.xctest */ = {isa = PBXFileReference; explicitFileType = wrapper.cfbundle; includeInIndex = 0; path = UnpinDesktopTests.xctest; sourceTree = BUILT_PRODUCTS_DIR; };
		B20000000000000000000003 /* WorkspaceStoreTests.swift */ = {isa = PBXFileReference; lastKnownFileType = sourcecode.swift; path = WorkspaceStoreTests.swift; sourceTree = "<group>"; };
		B20000000000000000000004 /* WorkbenchFlowTests.swift */ = {isa = PBXFileReference; lastKnownFileType = sourcecode.swift; path = WorkbenchFlowTests.swift; sourceTree = "<group>"; };
		B20000000000000000000005 /* FixtureResources.swift */ = {isa = PBXFileReference; lastKnownFileType = sourcecode.swift; path = FixtureResources.swift; sourceTree = "<group>"; };
		B20000000000000000000006 /* fixtures */ = {isa = PBXFileReference; lastKnownFileType = folder; name = fixtures; path = ../../crates/unpin-core/tests/fixtures; sourceTree = "<group>"; };
		B20000000000000000000007 /* WorkbenchGuidanceMatrixTests.swift */ = {isa = PBXFileReference; lastKnownFileType = sourcecode.swift; path = WorkbenchGuidanceMatrixTests.swift; sourceTree = "<group>"; };
		B20000000000000000000008 /* DesktopUpdateControllerTests.swift */ = {isa = PBXFileReference; lastKnownFileType = sourcecode.swift; path = DesktopUpdateControllerTests.swift; sourceTree = "<group>"; };
		B20000000000000000000009 /* ProviderMatrixDashboardSnapshotTests.swift */ = {isa = PBXFileReference; lastKnownFileType = sourcecode.swift; path = ProviderMatrixDashboardSnapshotTests.swift; sourceTree = "<group>"; };
/* End PBXFileReference section */

/* Begin PBXGroup section */
		A30000000000000000000001 = {isa = PBXGroup; children = (A30000000000000000000002 /* UnpinDesktop */, B30000000000000000000001 /* UnpinDesktopTests */, B20000000000000000000006 /* fixtures */, A30000000000000000000006 /* Products */); sourceTree = "<group>"; };
		A30000000000000000000002 /* UnpinDesktop */ = {isa = PBXGroup; children = (A20000000000000000000001 /* UnpinDesktopApp.swift */, A30000000000000000000003 /* Bridge */, A30000000000000000000004 /* State */, A30000000000000000000005 /* Features */, A2000000000000000000000A /* Info.plist */); path = UnpinDesktop; sourceTree = "<group>"; };
		A30000000000000000000003 /* Bridge */ = {isa = PBXGroup; children = (A20000000000000000000002 /* BridgeClient.swift */); path = Bridge; sourceTree = "<group>"; };
		A30000000000000000000004 /* State */ = {isa = PBXGroup; children = (A20000000000000000000003 /* WorkspaceStore.swift */, A2000000000000000000000E /* DesktopUpdateController.swift */); path = State; sourceTree = "<group>"; };
		A30000000000000000000005 /* Features */ = {isa = PBXGroup; children = (A20000000000000000000004 /* DiscoverOrganizeView.swift */, A20000000000000000000005 /* GroupEditorView.swift */, A20000000000000000000006 /* SafeChangeView.swift */, A20000000000000000000007 /* PlanReviewView.swift */, A20000000000000000000008 /* RecoverAuditView.swift */, A20000000000000000000009 /* GovernAutomateView.swift */, A2000000000000000000000C /* RestoreReviewView.swift */, A2000000000000000000000D /* WorkbenchGuidanceView.swift */); path = Features; sourceTree = "<group>"; };
		A30000000000000000000006 /* Products */ = {isa = PBXGroup; children = (A2000000000000000000000B /* UnpinDesktop.app */, B20000000000000000000002 /* UnpinDesktopTests.xctest */); name = Products; sourceTree = "<group>"; };
		B30000000000000000000001 /* UnpinDesktopTests */ = {isa = PBXGroup; children = (B20000000000000000000005 /* FixtureResources.swift */, B20000000000000000000001 /* BridgeClientTests.swift */, B20000000000000000000003 /* WorkspaceStoreTests.swift */, B20000000000000000000004 /* WorkbenchFlowTests.swift */, B20000000000000000000007 /* WorkbenchGuidanceMatrixTests.swift */, B20000000000000000000008 /* DesktopUpdateControllerTests.swift */, B20000000000000000000009 /* ProviderMatrixDashboardSnapshotTests.swift */); path = UnpinDesktopTests; sourceTree = "<group>"; };
/* End PBXGroup section */

/* Begin PBXNativeTarget section */
		A40000000000000000000001 /* UnpinDesktop */ = {isa = PBXNativeTarget; buildConfigurationList = A50000000000000000000002 /* Build configuration list for PBXNativeTarget "UnpinDesktop" */; buildPhases = (A60000000000000000000001 /* Sources */, A60000000000000000000002 /* Frameworks */, A60000000000000000000003 /* Bundle Unpin */); buildRules = (); dependencies = (); name = UnpinDesktop; productName = UnpinDesktop; productReference = A2000000000000000000000B /* UnpinDesktop.app */; productType = "com.apple.product-type.application"; };
		B40000000000000000000001 /* UnpinDesktopTests */ = {isa = PBXNativeTarget; buildConfigurationList = B50000000000000000000001 /* Build configuration list for PBXNativeTarget "UnpinDesktopTests" */; buildPhases = (B60000000000000000000001 /* Sources */, B60000000000000000000002 /* Frameworks */, B60000000000000000000003 /* Resources */); buildRules = (); dependencies = (B90000000000000000000001 /* PBXTargetDependency */); name = UnpinDesktopTests; productName = UnpinDesktopTests; productReference = B20000000000000000000002 /* UnpinDesktopTests.xctest */; productType = "com.apple.product-type.bundle.unit-test"; };
/* End PBXNativeTarget section */

/* Begin PBXProject section */
		A70000000000000000000001 /* Project object */ = {isa = PBXProject; attributes = { LastUpgradeCheck = 1600; TargetAttributes = { A40000000000000000000001 = { CreatedOnToolsVersion = 16.0; }; B40000000000000000000001 = { CreatedOnToolsVersion = 26.6; TestTargetID = A40000000000000000000001; }; }; }; buildConfigurationList = A50000000000000000000001 /* Build configuration list for PBXProject "UnpinDesktop" */; compatibilityVersion = "Xcode 14.0"; developmentRegion = en; hasScannedForEncodings = 0; knownRegions = (en, Base); mainGroup = A30000000000000000000001; productRefGroup = A30000000000000000000006 /* Products */; projectDirPath = ""; projectRoot = ""; targets = (A40000000000000000000001 /* UnpinDesktop */, B40000000000000000000001 /* UnpinDesktopTests */); };
/* End PBXProject section */

/* Begin PBXShellScriptBuildPhase section */
		A60000000000000000000003 /* Bundle Unpin */ = {isa = PBXShellScriptBuildPhase; alwaysOutOfDate = 1; buildActionMask = 2147483647; files = (); inputPaths = (); name = "Bundle Unpin"; outputPaths = ("$(TARGET_BUILD_DIR)/$(CONTENTS_FOLDER_PATH)/MacOS/unpin", "$(TARGET_BUILD_DIR)/$(CONTENTS_FOLDER_PATH)/MacOS/unpin-credential-broker", "$(TARGET_BUILD_DIR)/$(CONTENTS_FOLDER_PATH)/Resources/unpin-bridge-manifest.json"); runOnlyForDeploymentPostprocessing = 0; shellPath = /bin/sh; shellScript = "/bin/sh \"$SRCROOT/Scripts/bundle-unpin.sh\"\n"; };
/* End PBXShellScriptBuildPhase section */

/* Begin PBXResourcesBuildPhase section */
		B60000000000000000000003 /* Resources */ = {isa = PBXResourcesBuildPhase; buildActionMask = 2147483647; files = (B10000000000000000000005 /* fixtures in Resources */); runOnlyForDeploymentPostprocessing = 0; };
/* End PBXResourcesBuildPhase section */

/* Begin PBXSourcesBuildPhase section */
		A60000000000000000000001 /* Sources */ = {isa = PBXSourcesBuildPhase; buildActionMask = 2147483647; files = (A10000000000000000000001 /* UnpinDesktopApp.swift in Sources */, A10000000000000000000002 /* BridgeClient.swift in Sources */, A10000000000000000000003 /* WorkspaceStore.swift in Sources */, A1000000000000000000000C /* DesktopUpdateController.swift in Sources */, A10000000000000000000004 /* DiscoverOrganizeView.swift in Sources */, A10000000000000000000005 /* GroupEditorView.swift in Sources */, A10000000000000000000006 /* SafeChangeView.swift in Sources */, A10000000000000000000007 /* PlanReviewView.swift in Sources */, A10000000000000000000008 /* RecoverAuditView.swift in Sources */, A10000000000000000000009 /* GovernAutomateView.swift in Sources */, A1000000000000000000000A /* RestoreReviewView.swift in Sources */, A1000000000000000000000B /* WorkbenchGuidanceView.swift in Sources */); runOnlyForDeploymentPostprocessing = 0; };
		B60000000000000000000001 /* Sources */ = {isa = PBXSourcesBuildPhase; buildActionMask = 2147483647; files = (B10000000000000000000004 /* FixtureResources.swift in Sources */, B10000000000000000000001 /* BridgeClientTests.swift in Sources */, B10000000000000000000002 /* WorkspaceStoreTests.swift in Sources */, B10000000000000000000003 /* WorkbenchFlowTests.swift in Sources */, B10000000000000000000006 /* WorkbenchGuidanceMatrixTests.swift in Sources */, B10000000000000000000007 /* DesktopUpdateControllerTests.swift in Sources */, B10000000000000000000008 /* ProviderMatrixDashboardSnapshotTests.swift in Sources */); runOnlyForDeploymentPostprocessing = 0; };
/* End PBXSourcesBuildPhase section */

/* Begin PBXFrameworksBuildPhase section */
		A60000000000000000000002 /* Frameworks */ = {isa = PBXFrameworksBuildPhase; buildActionMask = 2147483647; files = (); runOnlyForDeploymentPostprocessing = 0; };
		B60000000000000000000002 /* Frameworks */ = {isa = PBXFrameworksBuildPhase; buildActionMask = 2147483647; files = (); runOnlyForDeploymentPostprocessing = 0; };
/* End PBXFrameworksBuildPhase section */

/* Begin PBXTargetDependency section */
		B90000000000000000000001 /* PBXTargetDependency */ = {isa = PBXTargetDependency; target = A40000000000000000000001 /* UnpinDesktop */; targetProxy = BA0000000000000000000001 /* PBXContainerItemProxy */; };
/* End PBXTargetDependency section */

/* Begin XCBuildConfiguration section */
		A80000000000000000000001 /* Debug */ = {isa = XCBuildConfiguration; buildSettings = { CLANG_ENABLE_MODULES = YES; MACOSX_DEPLOYMENT_TARGET = 14.0; SDKROOT = macosx; }; name = Debug; };
		A80000000000000000000002 /* Release */ = {isa = XCBuildConfiguration; buildSettings = { CLANG_ENABLE_MODULES = YES; MACOSX_DEPLOYMENT_TARGET = 14.0; SDKROOT = macosx; }; name = Release; };
		A80000000000000000000003 /* Debug */ = {isa = XCBuildConfiguration; buildSettings = { CODE_SIGN_STYLE = Automatic; CURRENT_PROJECT_VERSION = 1; DEVELOPMENT_ASSET_PATHS = ""; ENABLE_TESTABILITY = YES; GENERATE_INFOPLIST_FILE = NO; INFOPLIST_FILE = UnpinDesktop/Info.plist; MACOSX_DEPLOYMENT_TARGET = 14.0; MARKETING_VERSION = 1.4.0; PRODUCT_BUNDLE_IDENTIFIER = dev.unpin.workbench; PRODUCT_NAME = "$(TARGET_NAME)"; SWIFT_VERSION = 6.0; }; name = Debug; };
		A80000000000000000000004 /* Release */ = {isa = XCBuildConfiguration; buildSettings = { CODE_SIGN_STYLE = Automatic; CURRENT_PROJECT_VERSION = 1; GENERATE_INFOPLIST_FILE = NO; INFOPLIST_FILE = UnpinDesktop/Info.plist; MACOSX_DEPLOYMENT_TARGET = 14.0; MARKETING_VERSION = 1.4.0; PRODUCT_BUNDLE_IDENTIFIER = dev.unpin.workbench; PRODUCT_NAME = "$(TARGET_NAME)"; SWIFT_VERSION = 6.0; }; name = Release; };
		B80000000000000000000001 /* Debug */ = {isa = XCBuildConfiguration; buildSettings = { ALWAYS_EMBED_SWIFT_STANDARD_LIBRARIES = YES; BUNDLE_LOADER = "$(TEST_HOST)"; CODE_SIGN_STYLE = Automatic; GENERATE_INFOPLIST_FILE = YES; MACOSX_DEPLOYMENT_TARGET = 14.0; PRODUCT_BUNDLE_IDENTIFIER = dev.unpin.workbench.tests; PRODUCT_NAME = "$(TARGET_NAME)"; SWIFT_VERSION = 6.0; TEST_HOST = "$(BUILT_PRODUCTS_DIR)/UnpinDesktop.app/Contents/MacOS/UnpinDesktop"; }; name = Debug; };
		B80000000000000000000002 /* Release */ = {isa = XCBuildConfiguration; buildSettings = { ALWAYS_EMBED_SWIFT_STANDARD_LIBRARIES = YES; BUNDLE_LOADER = "$(TEST_HOST)"; CODE_SIGN_STYLE = Automatic; GENERATE_INFOPLIST_FILE = YES; MACOSX_DEPLOYMENT_TARGET = 14.0; PRODUCT_BUNDLE_IDENTIFIER = dev.unpin.workbench.tests; PRODUCT_NAME = "$(TARGET_NAME)"; SWIFT_VERSION = 6.0; TEST_HOST = "$(BUILT_PRODUCTS_DIR)/UnpinDesktop.app/Contents/MacOS/UnpinDesktop"; }; name = Release; };
/* End XCBuildConfiguration section */

/* Begin XCConfigurationList section */
		A50000000000000000000001 /* Build configuration list for PBXProject "UnpinDesktop" */ = {isa = XCConfigurationList; buildConfigurations = (A80000000000000000000001 /* Debug */, A80000000000000000000002 /* Release */); defaultConfigurationIsVisible = 0; defaultConfigurationName = Release; };
		A50000000000000000000002 /* Build configuration list for PBXNativeTarget "UnpinDesktop" */ = {isa = XCConfigurationList; buildConfigurations = (A80000000000000000000003 /* Debug */, A80000000000000000000004 /* Release */); defaultConfigurationIsVisible = 0; defaultConfigurationName = Debug; };
		B50000000000000000000001 /* Build configuration list for PBXNativeTarget "UnpinDesktopTests" */ = {isa = XCConfigurationList; buildConfigurations = (B80000000000000000000001 /* Debug */, B80000000000000000000002 /* Release */); defaultConfigurationIsVisible = 0; defaultConfigurationName = Debug; };
/* End XCConfigurationList section */
	};
	rootObject = A70000000000000000000001 /* Project object */;
}
